
Microsoft Visual Studio Solution File, Format Version 12.00
# Visual Studio Version 17
VisualStudioVersion = 17.3.32825.248
MinimumVisualStudioVersion = 10.0.40219.1
Project("{2150E333-8FDC-42A3-9474-1A3956D46DE8}") = "notes", "notes", "{52DA43E2-5453-45C2-A557-814E42185D18}"
	ProjectSection(SolutionItems) = preProject
		notes\notes.txt = notes\notes.txt
	EndProjectSection
EndProject
Project("{2150E333-8FDC-42A3-9474-1A3956D46DE8}") = "Experiments", "Experiments", "{D15161C3-DFD5-42A8-807F-6BE69DB9F783}"
EndProject
Project("{FAE04EC0-301F-11D3-BF4B-00C04F79EFBC}") = "Experiments", "Experiments\Experiments\Experiments.csproj", "{6C290C2F-F26C-476C-A818-7148F7B331A8}"
EndProject
Project("{FAE04EC0-301F-11D3-BF4B-00C04F79EFBC}") = "LogFileGenerator", "Experiments\LogFileGenerator\LogFileGenerator.csproj", "{8CF75999-924C-4F14-929A-AA1989557FD5}"
EndProject
Project("{FAE04EC0-301F-11D3-BF4B-00C04F79EFBC}") = "Test_FCTB", "Experiments\Test_FCTB\Test_FCTB.csproj", "{D28CA459-0556-4CC8-95D2-E26B08ACC9F0}"
EndProject
Global
	GlobalSection(SolutionConfigurationPlatforms) = preSolution
		Debug|ATL-Build = Debug|ATL-Build
		Release|ATL-Build = Release|ATL-Build
	EndGlobalSection
	GlobalSection(ProjectConfigurationPlatforms) = postSolution
		{6C290C2F-F26C-476C-A818-7148F7B331A8}.Debug|ATL-Build.ActiveCfg = Debug|x64
		{6C290C2F-F26C-476C-A818-7148F7B331A8}.Debug|ATL-Build.Build.0 = Debug|x64
		{6C290C2F-F26C-476C-A818-7148F7B331A8}.Release|ATL-Build.ActiveCfg = Release|x64
		{6C290C2F-F26C-476C-A818-7148F7B331A8}.Release|ATL-Build.Build.0 = Release|x64
		{8CF75999-924C-4F14-929A-AA1989557FD5}.Debug|ATL-Build.ActiveCfg = Debug|x64
		{8CF75999-924C-4F14-929A-AA1989557FD5}.Debug|ATL-Build.Build.0 = Debug|x64
		{8CF75999-924C-4F14-929A-AA1989557FD5}.Release|ATL-Build.ActiveCfg = Release|x64
		{8CF75999-924C-4F14-929A-AA1989557FD5}.Release|ATL-Build.Build.0 = Release|x64
		{D28CA459-0556-4CC8-95D2-E26B08ACC9F0}.Debug|ATL-Build.ActiveCfg = Debug|Any CPU
		{D28CA459-0556-4CC8-95D2-E26B08ACC9F0}.Debug|ATL-Build.Build.0 = Debug|Any CPU
		{D28CA459-0556-4CC8-95D2-E26B08ACC9F0}.Release|ATL-Build.ActiveCfg = Release|Any CPU
		{D28CA459-0556-4CC8-95D2-E26B08ACC9F0}.Release|ATL-Build.Build.0 = Release|Any CPU
	EndGlobalSection
	GlobalSection(SolutionProperties) = preSolution
		HideSolutionNode = FALSE
	EndGlobalSection
	GlobalSection(NestedProjects) = preSolution
		{6C290C2F-F26C-476C-A818-7148F7B331A8} = {D15161C3-DFD5-42A8-807F-6BE69DB9F783}
		{8CF75999-924C-4F14-929A-AA1989557FD5} = {D15161C3-DFD5-42A8-807F-6BE69DB9F783}
		{D28CA459-0556-4CC8-95D2-E26B08ACC9F0} = {D15161C3-DFD5-42A8-807F-6BE69DB9F783}
	EndGlobalSection
	GlobalSection(ExtensibilityGlobals) = postSolution
		SolutionGuid = {FCA16F22-A7F7-4165-B6AE-7D3540128D39}
	EndGlobalSection
EndGlobal
